
Microsoft Visual Studio Solution File, Format Version 12.00
# Visual Studio Version 17
VisualStudioVersion = 17.14.36301.6
MinimumVisualStudioVersion = 10.0.40219.1
Project("{8BC9CEB8-8B4A-11D0-8D11-00A0C91BC942}") = "Engine", "Engine\Engine.vcxproj", "{04BCA0D4-15EF-4041-A5CC-3ED7BFD691A6}"
EndProject
Project("{8BC9CEB8-8B4A-11D0-8D11-00A0C91BC942}") = "Game", "Game\Game.vcxproj", "{F9904D1A-7ECB-419D-8992-480630EB6093}"
	ProjectSection(ProjectDependencies) = postProject
		{04BCA0D4-15EF-4041-A5CC-3ED7BFD691A6} = {04BCA0D4-15EF-4041-A5CC-3ED7BFD691A6}
	EndProjectSection
EndProject
Global
	GlobalSection(SolutionConfigurationPlatforms) = preSolution
		Debug|x64 = Debug|x64
		Debug|x86 = Debug|x86
		Release|x64 = Release|x64
		Release|x86 = Release|x86
	EndGlobalSection
	GlobalSection(ProjectConfigurationPlatforms) = postSolution
		{04BCA0D4-15EF-4041-A5CC-3ED7BFD691A6}.Debug|x64.ActiveCfg = Debug|x64
		{04BCA0D4-15EF-4041-A5CC-3ED7BFD691A6}.Debug|x64.Build.0 = Debug|x64
		{04BCA0D4-15EF-4041-A5CC-3ED7BFD691A6}.Debug|x86.ActiveCfg = Debug|Win32
		{04BCA0D4-15EF-4041-A5CC-3ED7BFD691A6}.Debug|x86.Build.0 = Debug|Win32
		{04BCA0D4-15EF-4041-A5CC-3ED7BFD691A6}.Release|x64.ActiveCfg = Release|x64
		{04BCA0D4-15EF-4041-A5CC-3ED7BFD691A6}.Release|x64.Build.0 = Release|x64
		{04BCA0D4-15EF-4041-A5CC-3ED7BFD691A6}.Release|x86.ActiveCfg = Release|Win32
		{04BCA0D4-15EF-4041-A5CC-3ED7BFD691A6}.Release|x86.Build.0 = Release|Win32
		{F9904D1A-7ECB-419D-8992-480630EB6093}.Debug|x64.ActiveCfg = Debug|x64
		{F9904D1A-7ECB-419D-8992-480630EB6093}.Debug|x64.Build.0 = Debug|x64
		{F9904D1A-7ECB-419D-8992-480630EB6093}.Debug|x86.ActiveCfg = Debug|Win32
		{F9904D1A-7ECB-419D-8992-480630EB6093}.Debug|x86.Build.0 = Debug|Win32
		{F9904D1A-7ECB-419D-8992-480630EB6093}.Release|x64.ActiveCfg = Release|x64
		{F9904D1A-7ECB-419D-8992-480630EB6093}.Release|x64.Build.0 = Release|x64
		{F9904D1A-7ECB-419D-8992-480630EB6093}.Release|x86.ActiveCfg = Release|Win32
		{F9904D1A-7ECB-419D-8992-480630EB6093}.Release|x86.Build.0 = Release|Win32
	EndGlobalSection
	GlobalSection(SolutionProperties) = preSolution
		HideSolutionNode = FALSE
	EndGlobalSection
	GlobalSection(ExtensibilityGlobals) = postSolution
		SolutionGuid = {2FD32F93-0AFE-415B-9D9C-7A4A222A8726}
	EndGlobalSection
EndGlobal
